<?xml version="1.0" encoding="utf-8"?>
<Project ToolsVersion="4.0" xmlns="http://schemas.microsoft.com/developer/msbuild/2003">
  <ItemGroup>
    <Filter Include="SourceCode">
      <UniqueIdentifier>{ff8e296e-1ade-4f94-8b51-6f6a5b65ac86}</UniqueIdentifier>
    </Filter>
    <Filter Include="SourceCode\Main">
      <UniqueIdentifier>{93995380-89BD-4b04-88EB-625FBE52EBFB}</UniqueIdentifier>
      <Extensions>h;hh;hpp;hxx;hm;inl;inc;xsd</Extensions>
    </Filter>
    <Filter Include="SourceCode\PreCompile">
      <UniqueIdentifier>{74a48e36-75ee-416d-918d-f9c2f53fe78d}</UniqueIdentifier>
    </Filter>
    <Filter Include="SourceCode\SMServer">
      <UniqueIdentifier>{67DA6AB6-F800-4c08-8B7A-83BB121AAD01}</UniqueIdentifier>
      <Extensions>rc;ico;cur;bmp;dlg;rc2;rct;bin;rgs;gif;jpg;jpeg;jpe;resx;tiff;tif;png;wav;mfcribbon-ms</Extensions>
    </Filter>
    <Filter Include="Utility">
      <UniqueIdentifier>{aa101926-35a0-4937-b9b6-df26228db10a}</UniqueIdentifier>
    </Filter>
    <Filter Include="Utility\LogManager">
      <UniqueIdentifier>{091f0098-b117-41d4-8d1f-e3ebd157f96a}</UniqueIdentifier>
    </Filter>
    <Filter Include="Utility\vasprintf">
      <UniqueIdentifier>{86186be7-34ea-4c98-b56f-ce1e37a3dd44}</UniqueIdentifier>
    </Filter>
    <Filter Include="SourceCode\ClientSession">
      <UniqueIdentifier>{fe5f0b39-ae58-4751-8244-604471d2df77}</UniqueIdentifier>
    </Filter>
    <Filter Include="Utility\GlobalBuffer">
      <UniqueIdentifier>{4FC737F1-C7A5-4376-A066-2A32D752A2FF}</UniqueIdentifier>
      <Extensions>cpp;c;cc;cxx;def;odl;idl;hpj;bat;asm;asmx</Extensions>
    </Filter>
    <Filter Include="Utility\CriticalSection">
      <UniqueIdentifier>{0bfa9c0f-668b-4eff-aa46-9a7d80592f03}</UniqueIdentifier>
    </Filter>
    <Filter Include="Utility\ObjcetPool">
      <UniqueIdentifier>{487d25e2-8dfb-416f-bf12-cdbc19a24a73}</UniqueIdentifier>
    </Filter>
    <Filter Include="Utility\ProducerConsumerQueue">
      <UniqueIdentifier>{50ffc2c6-f60a-4cf4-877b-c338c5b8789b}</UniqueIdentifier>
    </Filter>
    <Filter Include="Utility\CircularBuffer">
      <UniqueIdentifier>{0ee7fe68-2423-4e13-8452-8cb51745b97d}</UniqueIdentifier>
    </Filter>
    <Filter Include="SourceCode\PacketHandler">
      <UniqueIdentifier>{46fb0d21-1602-440a-863d-4704a3576b27}</UniqueIdentifier>
    </Filter>
    <Filter Include="PacketDefine">
      <UniqueIdentifier>{483b5c3b-df6a-449c-b35e-416a0e9bb07b}</UniqueIdentifier>
    </Filter>
    <Filter Include="SourceCode\ClientManager">
      <UniqueIdentifier>{eff56936-30c0-4d1b-9e63-f911304e0201}</UniqueIdentifier>
    </Filter>
  </ItemGroup>
  <ItemGroup>
    <ClCompile Include="Main.cpp">
      <Filter>SourceCode\Main</Filter>
    </ClCompile>
    <ClCompile Include="SMServer.cpp">
      <Filter>SourceCode\SMServer</Filter>
    </ClCompile>
    <ClCompile Include="LogManager.cpp">
      <Filter>Utility\LogManager</Filter>
    </ClCompile>
    <ClCompile Include="ClientSession.cpp">
      <Filter>SourceCode\ClientSession</Filter>
    </ClCompile>
    <ClCompile Include="GlobalBuffer.cpp">
      <Filter>Utility\GlobalBuffer</Filter>
    </ClCompile>
    <ClCompile Include="Synchronizer.cpp">
      <Filter>Utility\CriticalSection</Filter>
    </ClCompile>
    <ClCompile Include="CircularBuffer.cpp">
      <Filter>Utility\CircularBuffer</Filter>
    </ClCompile>
    <ClCompile Include="PacketHandler.cpp">
      <Filter>SourceCode\PacketHandler</Filter>
    </ClCompile>
    <ClCompile Include="ClientManager.cpp">
      <Filter>SourceCode\ClientManager</Filter>
    </ClCompile>
  </ItemGroup>
  <ItemGroup>
    <ClInclude Include="Stdafx.h">
      <Filter>SourceCode\PreCompile</Filter>
    </ClInclude>
    <ClInclude Include="SMServer.h">
      <Filter>SourceCode\SMServer</Filter>
    </ClInclude>
    <ClInclude Include="LogManager.h">
      <Filter>Utility\LogManager</Filter>
    </ClInclude>
    <ClInclude Include="vasprintf.h">
      <Filter>Utility\vasprintf</Filter>
    </ClInclude>
    <ClInclude Include="Utility.h">
      <Filter>Utility</Filter>
    </ClInclude>
    <ClInclude Include="ClientSession.h">
      <Filter>SourceCode\ClientSession</Filter>
    </ClInclude>
    <ClInclude Include="GlobalBuffer.h">
      <Filter>Utility\GlobalBuffer</Filter>
    </ClInclude>
    <ClInclude Include="Synchronizer.h">
      <Filter>Utility\CriticalSection</Filter>
    </ClInclude>
    <ClInclude Include="ObjectPool.h">
      <Filter>Utility\ObjcetPool</Filter>
    </ClInclude>
    <ClInclude Include="ProducerConsumerQueue.h">
      <Filter>Utility\ProducerConsumerQueue</Filter>
    </ClInclude>
    <ClInclude Include="CircularBuffer.h">
      <Filter>Utility\CircularBuffer</Filter>
    </ClInclude>
    <ClInclude Include="PacketHandler.h">
      <Filter>SourceCode\PacketHandler</Filter>
    </ClInclude>
    <ClInclude Include="PacketDefine.h">
      <Filter>PacketDefine</Filter>
    </ClInclude>
    <ClInclude Include="ClientManager.h">
      <Filter>SourceCode\ClientManager</Filter>
    </ClInclude>
  </ItemGroup>
</Project>